
Microsoft Visual Studio Solution File, Format Version 12.00
# Visual Studio Version 17
VisualStudioVersion = 17.9.34723.18
MinimumVisualStudioVersion = 10.0.40219.1
Project("{FAE04EC0-301F-11D3-BF4B-00C04F79EFBC}") = "Ukol2", "Ukol2\Ukol2.csproj", "{E14C0973-5B12-4EED-B927-2EE07E41E15C}"
EndProject
Global
	GlobalSection(SolutionConfigurationPlatforms) = preSolution
		Debug|Any CPU = Debug|Any CPU
		Release|Any CPU = Release|Any CPU
	EndGlobalSection
	GlobalSection(ProjectConfigurationPlatforms) = postSolution
		{E14C0973-5B12-4EED-B927-2EE07E41E15C}.Debug|Any CPU.ActiveCfg = Debug|Any CPU
		{E14C0973-5B12-4EED-B927-2EE07E41E15C}.Debug|Any CPU.Build.0 = Debug|Any CPU
		{E14C0973-5B12-4EED-B927-2EE07E41E15C}.Release|Any CPU.ActiveCfg = Release|Any CPU
		{E14C0973-5B12-4EED-B927-2EE07E41E15C}.Release|Any CPU.Build.0 = Release|Any CPU
	EndGlobalSection
	GlobalSection(SolutionProperties) = preSolution
		HideSolutionNode = FALSE
	EndGlobalSection
	GlobalSection(ExtensibilityGlobals) = postSolution
		SolutionGuid = {AE959390-4169-4154-B779-BE81A0AECA8A}
	EndGlobalSection
EndGlobal
